// !$*UTF8*$!
{
	archiveVersion = 1;
	classes = {
	};
	objectVersion = 55;
	objects = {

/* Begin PBXBuildFile section */
		485EDBA12A848126009068DB /* PlayerModel.swift in Sources */ = {isa = PBXBuildFile; fileRef = 485EDBA02A848126009068DB /* PlayerModel.swift */; };
		485EDBA32A848163009068DB /* CodableBundelExtension.swift in Sources */ = {isa = PBXBuildFile; fileRef = 485EDBA22A848163009068DB /* CodableBundelExtension.swift */; };
		485EDBA52A8484C7009068DB /* FeaturedItemView.swift in Sources */ = {isa = PBXBuildFile; fileRef = 485EDBA42A8484C7009068DB /* FeaturedItemView.swift */; };
		485EDBA72A848678009068DB /* FeaturedTabView.swift in Sources */ = {isa = PBXBuildFile; fileRef = 485EDBA62A848678009068DB /* FeaturedTabView.swift */; };
		485EDBA92A849C88009068DB /* CategoryModel.swift in Sources */ = {isa = PBXBuildFile; fileRef = 485EDBA82A849C88009068DB /* CategoryModel.swift */; };
		485EDBAB2A849DE4009068DB /* CategoryItemView.swift in Sources */ = {isa = PBXBuildFile; fileRef = 485EDBAA2A849DE4009068DB /* CategoryItemView.swift */; };
		485EDBAD2A84A651009068DB /* CategoryGridView.swift in Sources */ = {isa = PBXBuildFile; fileRef = 485EDBAC2A84A651009068DB /* CategoryGridView.swift */; };
		485EDBAF2A84D8AA009068DB /* SectionView.swift in Sources */ = {isa = PBXBuildFile; fileRef = 485EDBAE2A84D8AA009068DB /* SectionView.swift */; };
		485EDBB12A84F8AC009068DB /* TitleView.swift in Sources */ = {isa = PBXBuildFile; fileRef = 485EDBB02A84F8AC009068DB /* TitleView.swift */; };
		485EDBB32A84FBB0009068DB /* ProductModel.swift in Sources */ = {isa = PBXBuildFile; fileRef = 485EDBB22A84FBB0009068DB /* ProductModel.swift */; };
		485EDBB52A84FC6B009068DB /* ProducrtItemView.swift in Sources */ = {isa = PBXBuildFile; fileRef = 485EDBB42A84FC6B009068DB /* ProducrtItemView.swift */; };
		485EDBB72A85232B009068DB /* BrandModel.swift in Sources */ = {isa = PBXBuildFile; fileRef = 485EDBB62A85232B009068DB /* BrandModel.swift */; };
		485EDBB92A8523E9009068DB /* BrandItemView.swift in Sources */ = {isa = PBXBuildFile; fileRef = 485EDBB82A8523E9009068DB /* BrandItemView.swift */; };
		485EDBBB2A8524EB009068DB /* BrandGridView.swift in Sources */ = {isa = PBXBuildFile; fileRef = 485EDBBA2A8524EB009068DB /* BrandGridView.swift */; };
		485EDBBD2A852A67009068DB /* ProductDetailView.swift in Sources */ = {isa = PBXBuildFile; fileRef = 485EDBBC2A852A67009068DB /* ProductDetailView.swift */; };
		485EDBC02A852C88009068DB /* NavigationBarDetailView.swift in Sources */ = {isa = PBXBuildFile; fileRef = 485EDBBF2A852C88009068DB /* NavigationBarDetailView.swift */; };
		485EDBC22A852F93009068DB /* HeaderDetailView.swift in Sources */ = {isa = PBXBuildFile; fileRef = 485EDBC12A852F93009068DB /* HeaderDetailView.swift */; };
		485EDBC42A8530E1009068DB /* TopPartDetailView.swift in Sources */ = {isa = PBXBuildFile; fileRef = 485EDBC32A8530E1009068DB /* TopPartDetailView.swift */; };
		48FBF5D82A831AB80064E671 /* TOUCHDOWNApp.swift in Sources */ = {isa = PBXBuildFile; fileRef = 48FBF5D72A831AB80064E671 /* TOUCHDOWNApp.swift */; };
		48FBF5DA2A831AB80064E671 /* ContentView.swift in Sources */ = {isa = PBXBuildFile; fileRef = 48FBF5D92A831AB80064E671 /* ContentView.swift */; };
		48FBF5DC2A831ABA0064E671 /* Assets.xcassets in Resources */ = {isa = PBXBuildFile; fileRef = 48FBF5DB2A831ABA0064E671 /* Assets.xcassets */; };
		48FBF5DF2A831ABA0064E671 /* Preview Assets.xcassets in Resources */ = {isa = PBXBuildFile; fileRef = 48FBF5DE2A831ABA0064E671 /* Preview Assets.xcassets */; };
		48FBF5E92A8322820064E671 /* brand.json in Resources */ = {isa = PBXBuildFile; fileRef = 48FBF5E52A8322820064E671 /* brand.json */; };
		48FBF5EA2A8322820064E671 /* category.json in Resources */ = {isa = PBXBuildFile; fileRef = 48FBF5E62A8322820064E671 /* category.json */; };
		48FBF5EB2A8322820064E671 /* product.json in Resources */ = {isa = PBXBuildFile; fileRef = 48FBF5E72A8322820064E671 /* product.json */; };
		48FBF5EC2A8322820064E671 /* player.json in Resources */ = {isa = PBXBuildFile; fileRef = 48FBF5E82A8322820064E671 /* player.json */; };
		48FBF5F72A83239F0064E671 /* Constant.swift in Sources */ = {isa = PBXBuildFile; fileRef = 48FBF5F62A83239F0064E671 /* Constant.swift */; };
		48FBF5F92A8324A80064E671 /* FooterView.swift in Sources */ = {isa = PBXBuildFile; fileRef = 48FBF5F82A8324A80064E671 /* FooterView.swift */; };
		48FBF5FB2A8328E80064E671 /* NavigationBarView.swift in Sources */ = {isa = PBXBuildFile; fileRef = 48FBF5FA2A8328E80064E671 /* NavigationBarView.swift */; };
		48FBF5FD2A832A010064E671 /* LogoView.swift in Sources */ = {isa = PBXBuildFile; fileRef = 48FBF5FC2A832A010064E671 /* LogoView.swift */; };
/* End PBXBuildFile section */

/* Begin PBXFileReference section */
		485EDBA02A848126009068DB /* PlayerModel.swift */ = {isa = PBXFileReference; lastKnownFileType = sourcecode.swift; path = PlayerModel.swift; sourceTree = "<group>"; };
		485EDBA22A848163009068DB /* CodableBundelExtension.swift */ = {isa = PBXFileReference; lastKnownFileType = sourcecode.swift; path = CodableBundelExtension.swift; sourceTree = "<group>"; };
		485EDBA42A8484C7009068DB /* FeaturedItemView.swift */ = {isa = PBXFileReference; lastKnownFileType = sourcecode.swift; path = FeaturedItemView.swift; sourceTree = "<group>"; };
		485EDBA62A848678009068DB /* FeaturedTabView.swift */ = {isa = PBXFileReference; lastKnownFileType = sourcecode.swift; path = FeaturedTabView.swift; sourceTree = "<group>"; };
		485EDBA82A849C88009068DB /* CategoryModel.swift */ = {isa = PBXFileReference; lastKnownFileType = sourcecode.swift; path = CategoryModel.swift; sourceTree = "<group>"; };
		485EDBAA2A849DE4009068DB /* CategoryItemView.swift */ = {isa = PBXFileReference; lastKnownFileType = sourcecode.swift; path = CategoryItemView.swift; sourceTree = "<group>"; };
		485EDBAC2A84A651009068DB /* CategoryGridView.swift */ = {isa = PBXFileReference; lastKnownFileType = sourcecode.swift; path = CategoryGridView.swift; sourceTree = "<group>"; };
		485EDBAE2A84D8AA009068DB /* SectionView.swift */ = {isa = PBXFileReference; lastKnownFileType = sourcecode.swift; path = SectionView.swift; sourceTree = "<group>"; };
		485EDBB02A84F8AC009068DB /* TitleView.swift */ = {isa = PBXFileReference; lastKnownFileType = sourcecode.swift; path = TitleView.swift; sourceTree = "<group>"; };
		485EDBB22A84FBB0009068DB /* ProductModel.swift */ = {isa = PBXFileReference; lastKnownFileType = sourcecode.swift; path = ProductModel.swift; sourceTree = "<group>"; };
		485EDBB42A84FC6B009068DB /* ProducrtItemView.swift */ = {isa = PBXFileReference; lastKnownFileType = sourcecode.swift; path = ProducrtItemView.swift; sourceTree = "<group>"; };
		485EDBB62A85232B009068DB /* BrandModel.swift */ = {isa = PBXFileReference; lastKnownFileType = sourcecode.swift; path = BrandModel.swift; sourceTree = "<group>"; };
		485EDBB82A8523E9009068DB /* BrandItemView.swift */ = {isa = PBXFileReference; lastKnownFileType = sourcecode.swift; path = BrandItemView.swift; sourceTree = "<group>"; };
		485EDBBA2A8524EB009068DB /* BrandGridView.swift */ = {isa = PBXFileReference; lastKnownFileType = sourcecode.swift; path = BrandGridView.swift; sourceTree = "<group>"; };
		485EDBBC2A852A67009068DB /* ProductDetailView.swift */ = {isa = PBXFileReference; lastKnownFileType = sourcecode.swift; path = ProductDetailView.swift; sourceTree = "<group>"; };
		485EDBBF2A852C88009068DB /* NavigationBarDetailView.swift */ = {isa = PBXFileReference; lastKnownFileType = sourcecode.swift; path = NavigationBarDetailView.swift; sourceTree = "<group>"; };
		485EDBC12A852F93009068DB /* HeaderDetailView.swift */ = {isa = PBXFileReference; lastKnownFileType = sourcecode.swift; path = HeaderDetailView.swift; sourceTree = "<group>"; };
		485EDBC32A8530E1009068DB /* TopPartDetailView.swift */ = {isa = PBXFileReference; lastKnownFileType = sourcecode.swift; path = TopPartDetailView.swift; sourceTree = "<group>"; };
		48FBF5D42A831AB80064E671 /* TOUCHDOWN.app */ = {isa = PBXFileReference; explicitFileType = wrapper.application; includeInIndex = 0; path = TOUCHDOWN.app; sourceTree = BUILT_PRODUCTS_DIR; };
		48FBF5D72A831AB80064E671 /* TOUCHDOWNApp.swift */ = {isa = PBXFileReference; lastKnownFileType = sourcecode.swift; path = TOUCHDOWNApp.swift; sourceTree = "<group>"; };
		48FBF5D92A831AB80064E671 /* ContentView.swift */ = {isa = PBXFileReference; lastKnownFileType = sourcecode.swift; path = ContentView.swift; sourceTree = "<group>"; };
		48FBF5DB2A831ABA0064E671 /* Assets.xcassets */ = {isa = PBXFileReference; lastKnownFileType = folder.assetcatalog; path = Assets.xcassets; sourceTree = "<group>"; };
		48FBF5DE2A831ABA0064E671 /* Preview Assets.xcassets */ = {isa = PBXFileReference; lastKnownFileType = folder.assetcatalog; path = "Preview Assets.xcassets"; sourceTree = "<group>"; };
		48FBF5E52A8322820064E671 /* brand.json */ = {isa = PBXFileReference; fileEncoding = 4; lastKnownFileType = text.json; path = brand.json; sourceTree = "<group>"; };
		48FBF5E62A8322820064E671 /* category.json */ = {isa = PBXFileReference; fileEncoding = 4; lastKnownFileType = text.json; path = category.json; sourceTree = "<group>"; };
		48FBF5E72A8322820064E671 /* product.json */ = {isa = PBXFileReference; fileEncoding = 4; lastKnownFileType = text.json; path = product.json; sourceTree = "<group>"; };
		48FBF5E82A8322820064E671 /* player.json */ = {isa = PBXFileReference; fileEncoding = 4; lastKnownFileType = text.json; path = player.json; sourceTree = "<group>"; };
		48FBF5EE2A8322C60064E671 /* Info.plist */ = {isa = PBXFileReference; lastKnownFileType = text.plist; path = Info.plist; sourceTree = "<group>"; };
		48FBF5F62A83239F0064E671 /* Constant.swift */ = {isa = PBXFileReference; lastKnownFileType = sourcecode.swift; path = Constant.swift; sourceTree = "<group>"; };
		48FBF5F82A8324A80064E671 /* FooterView.swift */ = {isa = PBXFileReference; lastKnownFileType = sourcecode.swift; path = FooterView.swift; sourceTree = "<group>"; };
		48FBF5FA2A8328E80064E671 /* NavigationBarView.swift */ = {isa = PBXFileReference; lastKnownFileType = sourcecode.swift; path = NavigationBarView.swift; sourceTree = "<group>"; };
		48FBF5FC2A832A010064E671 /* LogoView.swift */ = {isa = PBXFileReference; lastKnownFileType = sourcecode.swift; path = LogoView.swift; sourceTree = "<group>"; };
/* End PBXFileReference section */

/* Begin PBXFrameworksBuildPhase section */
		48FBF5D12A831AB80064E671 /* Frameworks */ = {
			isa = PBXFrameworksBuildPhase;
			buildActionMask = 2147483647;
			files = (
			);
			runOnlyForDeploymentPostprocessing = 0;
		};
/* End PBXFrameworksBuildPhase section */

/* Begin PBXGroup section */
		48FBF5CB2A831AB80064E671 = {
			isa = PBXGroup;
			children = (
				48FBF5D62A831AB80064E671 /* TOUCHDOWN */,
				48FBF5D52A831AB80064E671 /* Products */,
			);
			sourceTree = "<group>";
		};
		48FBF5D52A831AB80064E671 /* Products */ = {
			isa = PBXGroup;
			children = (
				48FBF5D42A831AB80064E671 /* TOUCHDOWN.app */,
			);
			name = Products;
			sourceTree = "<group>";
		};
		48FBF5D62A831AB80064E671 /* TOUCHDOWN */ = {
			isa = PBXGroup;
			children = (
				48FBF5EF2A8323310064E671 /* App */,
				48FBF5F02A83233D0064E671 /* View */,
				48FBF5ED2A8322970064E671 /* Data */,
				48FBF5F32A83234F0064E671 /* Model */,
				48FBF5F42A8323540064E671 /* Extension */,
				48FBF5F52A8323610064E671 /* Utility */,
				48FBF5DB2A831ABA0064E671 /* Assets.xcassets */,
				48FBF5EE2A8322C60064E671 /* Info.plist */,
				48FBF5DD2A831ABA0064E671 /* Preview Content */,
			);
			path = TOUCHDOWN;
			sourceTree = "<group>";
		};
		48FBF5DD2A831ABA0064E671 /* Preview Content */ = {
			isa = PBXGroup;
			children = (
				48FBF5DE2A831ABA0064E671 /* Preview Assets.xcassets */,
			);
			path = "Preview Content";
			sourceTree = "<group>";
		};
		48FBF5ED2A8322970064E671 /* Data */ = {
			isa = PBXGroup;
			children = (
				48FBF5E52A8322820064E671 /* brand.json */,
				48FBF5E62A8322820064E671 /* category.json */,
				48FBF5E82A8322820064E671 /* player.json */,
				48FBF5E72A8322820064E671 /* product.json */,
			);
			path = Data;
			sourceTree = "<group>";
		};
		48FBF5EF2A8323310064E671 /* App */ = {
			isa = PBXGroup;
			children = (
				48FBF5D72A831AB80064E671 /* TOUCHDOWNApp.swift */,
				48FBF5D92A831AB80064E671 /* ContentView.swift */,
				485EDBBC2A852A67009068DB /* ProductDetailView.swift */,
			);
			path = App;
			sourceTree = "<group>";
		};
		48FBF5F02A83233D0064E671 /* View */ = {
			isa = PBXGroup;
			children = (
				48FBF5F12A8323430064E671 /* Home */,
				48FBF5F22A8323470064E671 /* Detail */,
			);
			path = View;
			sourceTree = "<group>";
		};
		48FBF5F12A8323430064E671 /* Home */ = {
			isa = PBXGroup;
			children = (
				48FBF5F82A8324A80064E671 /* FooterView.swift */,
				48FBF5FA2A8328E80064E671 /* NavigationBarView.swift */,
				48FBF5FC2A832A010064E671 /* LogoView.swift */,
				485EDBA42A8484C7009068DB /* FeaturedItemView.swift */,
				485EDBA62A848678009068DB /* FeaturedTabView.swift */,
				485EDBAA2A849DE4009068DB /* CategoryItemView.swift */,
				485EDBAC2A84A651009068DB /* CategoryGridView.swift */,
				485EDBAE2A84D8AA009068DB /* SectionView.swift */,
				485EDBB02A84F8AC009068DB /* TitleView.swift */,
				485EDBB42A84FC6B009068DB /* ProducrtItemView.swift */,
				485EDBB82A8523E9009068DB /* BrandItemView.swift */,
				485EDBBA2A8524EB009068DB /* BrandGridView.swift */,
			);
			path = Home;
			sourceTree = "<group>";
		};
		48FBF5F22A8323470064E671 /* Detail */ = {
			isa = PBXGroup;
			children = (
				485EDBBF2A852C88009068DB /* NavigationBarDetailView.swift */,
				485EDBC12A852F93009068DB /* HeaderDetailView.swift */,
				485EDBC32A8530E1009068DB /* TopPartDetailView.swift */,
			);
			path = Detail;
			sourceTree = "<group>";
		};
		48FBF5F32A83234F0064E671 /* Model */ = {
			isa = PBXGroup;
			children = (
				485EDBA02A848126009068DB /* PlayerModel.swift */,
				485EDBA82A849C88009068DB /* CategoryModel.swift */,
				485EDBB22A84FBB0009068DB /* ProductModel.swift */,
				485EDBB62A85232B009068DB /* BrandModel.swift */,
			);
			path = Model;
			sourceTree = "<group>";
		};
		48FBF5F42A8323540064E671 /* Extension */ = {
			isa = PBXGroup;
			children = (
				485EDBA22A848163009068DB /* CodableBundelExtension.swift */,
			);
			path = Extension;
			sourceTree = "<group>";
		};
		48FBF5F52A8323610064E671 /* Utility */ = {
			isa = PBXGroup;
			children = (
				48FBF5F62A83239F0064E671 /* Constant.swift */,
			);
			path = Utility;
			sourceTree = "<group>";
		};
/* End PBXGroup section */

/* Begin PBXNativeTarget section */
		48FBF5D32A831AB80064E671 /* TOUCHDOWN */ = {
			isa = PBXNativeTarget;
			buildConfigurationList = 48FBF5E22A831ABA0064E671 /* Build configuration list for PBXNativeTarget "TOUCHDOWN" */;
			buildPhases = (
				48FBF5D02A831AB80064E671 /* Sources */,
				48FBF5D12A831AB80064E671 /* Frameworks */,
				48FBF5D22A831AB80064E671 /* Resources */,
			);
			buildRules = (
			);
			dependencies = (
			);
			name = TOUCHDOWN;
			productName = TOUCHDOWN;
			productReference = 48FBF5D42A831AB80064E671 /* TOUCHDOWN.app */;
			productType = "com.apple.product-type.application";
		};
/* End PBXNativeTarget section */

/* Begin PBXProject section */
		48FBF5CC2A831AB80064E671 /* Project object */ = {
			isa = PBXProject;
			attributes = {
				BuildIndependentTargetsInParallel = 1;
				LastSwiftUpdateCheck = 1430;
				LastUpgradeCheck = 1430;
				TargetAttributes = {
					48FBF5D32A831AB80064E671 = {
						CreatedOnToolsVersion = 14.3;
					};
				};
			};
			buildConfigurationList = 48FBF5CF2A831AB80064E671 /* Build configuration list for PBXProject "TOUCHDOWN" */;
			compatibilityVersion = "Xcode 13.0";
			developmentRegion = en;
			hasScannedForEncodings = 0;
			knownRegions = (
				en,
				Base,
			);
			mainGroup = 48FBF5CB2A831AB80064E671;
			productRefGroup = 48FBF5D52A831AB80064E671 /* Products */;
			projectDirPath = "";
			projectRoot = "";
			targets = (
				48FBF5D32A831AB80064E671 /* TOUCHDOWN */,
			);
		};
/* End PBXProject section */

/* Begin PBXResourcesBuildPhase section */
		48FBF5D22A831AB80064E671 /* Resources */ = {
			isa = PBXResourcesBuildPhase;
			buildActionMask = 2147483647;
			files = (
				48FBF5EC2A8322820064E671 /* player.json in Resources */,
				48FBF5DF2A831ABA0064E671 /* Preview Assets.xcassets in Resources */,
				48FBF5DC2A831ABA0064E671 /* Assets.xcassets in Resources */,
				48FBF5E92A8322820064E671 /* brand.json in Resources */,
				48FBF5EA2A8322820064E671 /* category.json in Resources */,
				48FBF5EB2A8322820064E671 /* product.json in Resources */,
			);
			runOnlyForDeploymentPostprocessing = 0;
		};
/* End PBXResourcesBuildPhase section */

/* Begin PBXSourcesBuildPhase section */
		48FBF5D02A831AB80064E671 /* Sources */ = {
			isa = PBXSourcesBuildPhase;
			buildActionMask = 2147483647;
			files = (
				485EDBA32A848163009068DB /* CodableBundelExtension.swift in Sources */,
				485EDBC22A852F93009068DB /* HeaderDetailView.swift in Sources */,
				485EDBC42A8530E1009068DB /* TopPartDetailView.swift in Sources */,
				48FBF5DA2A831AB80064E671 /* ContentView.swift in Sources */,
				48FBF5FD2A832A010064E671 /* LogoView.swift in Sources */,
				48FBF5F92A8324A80064E671 /* FooterView.swift in Sources */,
				485EDBA52A8484C7009068DB /* FeaturedItemView.swift in Sources */,
				48FBF5D82A831AB80064E671 /* TOUCHDOWNApp.swift in Sources */,
				485EDBBB2A8524EB009068DB /* BrandGridView.swift in Sources */,
				48FBF5F72A83239F0064E671 /* Constant.swift in Sources */,
				485EDBBD2A852A67009068DB /* ProductDetailView.swift in Sources */,
				485EDBC02A852C88009068DB /* NavigationBarDetailView.swift in Sources */,
				485EDBAD2A84A651009068DB /* CategoryGridView.swift in Sources */,
				485EDBA92A849C88009068DB /* CategoryModel.swift in Sources */,
				48FBF5FB2A8328E80064E671 /* NavigationBarView.swift in Sources */,
				485EDBAF2A84D8AA009068DB /* SectionView.swift in Sources */,
				485EDBAB2A849DE4009068DB /* CategoryItemView.swift in Sources */,
				485EDBB92A8523E9009068DB /* BrandItemView.swift in Sources */,
				485EDBA72A848678009068DB /* FeaturedTabView.swift in Sources */,
				485EDBB52A84FC6B009068DB /* ProducrtItemView.swift in Sources */,
				485EDBA12A848126009068DB /* PlayerModel.swift in Sources */,
				485EDBB72A85232B009068DB /* BrandModel.swift in Sources */,
				485EDBB12A84F8AC009068DB /* TitleView.swift in Sources */,
				485EDBB32A84FBB0009068DB /* ProductModel.swift in Sources */,
			);
			runOnlyForDeploymentPostprocessing = 0;
		};
/* End PBXSourcesBuildPhase section */

/* Begin XCBuildConfiguration section */
		48FBF5E02A831ABA0064E671 /* Debug */ = {
			isa = XCBuildConfiguration;
			buildSettings = {
				ALWAYS_SEARCH_USER_PATHS = NO;
				CLANG_ANALYZER_NONNULL = YES;
				CLANG_ANALYZER_NUMBER_OBJECT_CONVERSION = YES_AGGRESSIVE;
				CLANG_CXX_LANGUAGE_STANDARD = "gnu++20";
				CLANG_ENABLE_MODULES = YES;
				CLANG_ENABLE_OBJC_ARC = YES;
				CLANG_ENABLE_OBJC_WEAK = YES;
				CLANG_WARN_BLOCK_CAPTURE_AUTORELEASING = YES;
				CLANG_WARN_BOOL_CONVERSION = YES;
				CLANG_WARN_COMMA = YES;
				CLANG_WARN_CONSTANT_CONVERSION = YES;
				CLANG_WARN_DEPRECATED_OBJC_IMPLEMENTATIONS = YES;
				CLANG_WARN_DIRECT_OBJC_ISA_USAGE = YES_ERROR;
				CLANG_WARN_DOCUMENTATION_COMMENTS = YES;
				CLANG_WARN_EMPTY_BODY = YES;
				CLANG_WARN_ENUM_CONVERSION = YES;
				CLANG_WARN_INFINITE_RECURSION = YES;
				CLANG_WARN_INT_CONVERSION = YES;
				CLANG_WARN_NON_LITERAL_NULL_CONVERSION = YES;
				CLANG_WARN_OBJC_IMPLICIT_RETAIN_SELF = YES;
				CLANG_WARN_OBJC_LITERAL_CONVERSION = YES;
				CLANG_WARN_OBJC_ROOT_CLASS = YES_ERROR;
				CLANG_WARN_QUOTED_INCLUDE_IN_FRAMEWORK_HEADER = YES;
				CLANG_WARN_RANGE_LOOP_ANALYSIS = YES;
				CLANG_WARN_STRICT_PROTOTYPES = YES;
				CLANG_WARN_SUSPICIOUS_MOVE = YES;
				CLANG_WARN_UNGUARDED_AVAILABILITY = YES_AGGRESSIVE;
				CLANG_WARN_UNREACHABLE_CODE = YES;
				CLANG_WARN__DUPLICATE_METHOD_MATCH = YES;
				COPY_PHASE_STRIP = NO;
				DEBUG_INFORMATION_FORMAT = dwarf;
				ENABLE_STRICT_OBJC_MSGSEND = YES;
				ENABLE_TESTABILITY = YES;
				GCC_C_LANGUAGE_STANDARD = gnu11;
				GCC_DYNAMIC_NO_PIC = NO;
				GCC_NO_COMMON_BLOCKS = YES;
				GCC_OPTIMIZATION_LEVEL = 0;
				GCC_PREPROCESSOR_DEFINITIONS = (
					"DEBUG=1",
					"$(inherited)",
				);
				GCC_WARN_64_TO_32_BIT_CONVERSION = YES;
				GCC_WARN_ABOUT_RETURN_TYPE = YES_ERROR;
				GCC_WARN_UNDECLARED_SELECTOR = YES;
				GCC_WARN_UNINITIALIZED_AUTOS = YES_AGGRESSIVE;
				GCC_WARN_UNUSED_FUNCTION = YES;
				GCC_WARN_UNUSED_VARIABLE = YES;
				IPHONEOS_DEPLOYMENT_TARGET = 16.4;
				MTL_ENABLE_DEBUG_INFO = INCLUDE_SOURCE;
				MTL_FAST_MATH = YES;
				ONLY_ACTIVE_ARCH = YES;
				SDKROOT = iphoneos;
				SWIFT_ACTIVE_COMPILATION_CONDITIONS = DEBUG;
				SWIFT_OPTIMIZATION_LEVEL = "-Onone";
			};
			name = Debug;
		};
		48FBF5E12A831ABA0064E671 /* Release */ = {
			isa = XCBuildConfiguration;
			buildSettings = {
				ALWAYS_SEARCH_USER_PATHS = NO;
				CLANG_ANALYZER_NONNULL = YES;
				CLANG_ANALYZER_NUMBER_OBJECT_CONVERSION = YES_AGGRESSIVE;
				CLANG_CXX_LANGUAGE_STANDARD = "gnu++20";
				CLANG_ENABLE_MODULES = YES;
				CLANG_ENABLE_OBJC_ARC = YES;
				CLANG_ENABLE_OBJC_WEAK = YES;
				CLANG_WARN_BLOCK_CAPTURE_AUTORELEASING = YES;
				CLANG_WARN_BOOL_CONVERSION = YES;
				CLANG_WARN_COMMA = YES;
				CLANG_WARN_CONSTANT_CONVERSION = YES;
				CLANG_WARN_DEPRECATED_OBJC_IMPLEMENTATIONS = YES;
				CLANG_WARN_DIRECT_OBJC_ISA_USAGE = YES_ERROR;
				CLANG_WARN_DOCUMENTATION_COMMENTS = YES;
				CLANG_WARN_EMPTY_BODY = YES;
				CLANG_WARN_ENUM_CONVERSION = YES;
				CLANG_WARN_INFINITE_RECURSION = YES;
				CLANG_WARN_INT_CONVERSION = YES;
				CLANG_WARN_NON_LITERAL_NULL_CONVERSION = YES;
				CLANG_WARN_OBJC_IMPLICIT_RETAIN_SELF = YES;
				CLANG_WARN_OBJC_LITERAL_CONVERSION = YES;
				CLANG_WARN_OBJC_ROOT_CLASS = YES_ERROR;
				CLANG_WARN_QUOTED_INCLUDE_IN_FRAMEWORK_HEADER = YES;
				CLANG_WARN_RANGE_LOOP_ANALYSIS = YES;
				CLANG_WARN_STRICT_PROTOTYPES = YES;
				CLANG_WARN_SUSPICIOUS_MOVE = YES;
				CLANG_WARN_UNGUARDED_AVAILABILITY = YES_AGGRESSIVE;
				CLANG_WARN_UNREACHABLE_CODE = YES;
				CLANG_WARN__DUPLICATE_METHOD_MATCH = YES;
				COPY_PHASE_STRIP = NO;
				DEBUG_INFORMATION_FORMAT = "dwarf-with-dsym";
				ENABLE_NS_ASSERTIONS = NO;
				ENABLE_STRICT_OBJC_MSGSEND = YES;
				GCC_C_LANGUAGE_STANDARD = gnu11;
				GCC_NO_COMMON_BLOCKS = YES;
				GCC_WARN_64_TO_32_BIT_CONVERSION = YES;
				GCC_WARN_ABOUT_RETURN_TYPE = YES_ERROR;
				GCC_WARN_UNDECLARED_SELECTOR = YES;
				GCC_WARN_UNINITIALIZED_AUTOS = YES_AGGRESSIVE;
				GCC_WARN_UNUSED_FUNCTION = YES;
				GCC_WARN_UNUSED_VARIABLE = YES;
				IPHONEOS_DEPLOYMENT_TARGET = 16.4;
				MTL_ENABLE_DEBUG_INFO = NO;
				MTL_FAST_MATH = YES;
				SDKROOT = iphoneos;
				SWIFT_COMPILATION_MODE = wholemodule;
				SWIFT_OPTIMIZATION_LEVEL = "-O";
				VALIDATE_PRODUCT = YES;
			};
			name = Release;
		};
		48FBF5E32A831ABA0064E671 /* Debug */ = {
			isa = XCBuildConfiguration;
			buildSettings = {
				ASSETCATALOG_COMPILER_APPICON_NAME = AppIcon;
				ASSETCATALOG_COMPILER_GLOBAL_ACCENT_COLOR_NAME = AccentColor;
				CODE_SIGN_STYLE = Automatic;
				CURRENT_PROJECT_VERSION = 1;
				DEVELOPMENT_ASSET_PATHS = "\"TOUCHDOWN/Preview Content\"";
				DEVELOPMENT_TEAM = X4KH384637;
				ENABLE_PREVIEWS = YES;
				GENERATE_INFOPLIST_FILE = YES;
				INFOPLIST_FILE = TOUCHDOWN/Info.plist;
				INFOPLIST_KEY_UIApplicationSceneManifest_Generation = YES;
				INFOPLIST_KEY_UIApplicationSupportsIndirectInputEvents = YES;
				INFOPLIST_KEY_UISupportedInterfaceOrientations = UIInterfaceOrientationPortrait;
				INFOPLIST_KEY_UIUserInterfaceStyle = Light;
				LD_RUNPATH_SEARCH_PATHS = (
					"$(inherited)",
					"@executable_path/Frameworks",
				);
				MARKETING_VERSION = 1.0;
				PRODUCT_BUNDLE_IDENTIFIER = com.appkuff.TOUCHDOWN;
				PRODUCT_NAME = "$(TARGET_NAME)";
				SUPPORTED_PLATFORMS = "iphoneos iphonesimulator";
				SUPPORTS_MACCATALYST = NO;
				SUPPORTS_MAC_DESIGNED_FOR_IPHONE_IPAD = NO;
				SWIFT_EMIT_LOC_STRINGS = YES;
				SWIFT_VERSION = 5.0;
				TARGETED_DEVICE_FAMILY = "1,2";
			};
			name = Debug;
		};
		48FBF5E42A831ABA0064E671 /* Release */ = {
			isa = XCBuildConfiguration;
			buildSettings = {
				ASSETCATALOG_COMPILER_APPICON_NAME = AppIcon;
				ASSETCATALOG_COMPILER_GLOBAL_ACCENT_COLOR_NAME = AccentColor;
				CODE_SIGN_STYLE = Automatic;
				CURRENT_PROJECT_VERSION = 1;
				DEVELOPMENT_ASSET_PATHS = "\"TOUCHDOWN/Preview Content\"";
				DEVELOPMENT_TEAM = X4KH384637;
				ENABLE_PREVIEWS = YES;
				GENERATE_INFOPLIST_FILE = YES;
				INFOPLIST_FILE = TOUCHDOWN/Info.plist;
				INFOPLIST_KEY_UIApplicationSceneManifest_Generation = YES;
				INFOPLIST_KEY_UIApplicationSupportsIndirectInputEvents = YES;
				INFOPLIST_KEY_UISupportedInterfaceOrientations = UIInterfaceOrientationPortrait;
				INFOPLIST_KEY_UIUserInterfaceStyle = Light;
				LD_RUNPATH_SEARCH_PATHS = (
					"$(inherited)",
					"@executable_path/Frameworks",
				);
				MARKETING_VERSION = 1.0;
				PRODUCT_BUNDLE_IDENTIFIER = com.appkuff.TOUCHDOWN;
				PRODUCT_NAME = "$(TARGET_NAME)";
				SUPPORTED_PLATFORMS = "iphoneos iphonesimulator";
				SUPPORTS_MACCATALYST = NO;
				SUPPORTS_MAC_DESIGNED_FOR_IPHONE_IPAD = NO;
				SWIFT_EMIT_LOC_STRINGS = YES;
				SWIFT_VERSION = 5.0;
				TARGETED_DEVICE_FAMILY = "1,2";
			};
			name = Release;
		};
/* End XCBuildConfiguration section */

/* Begin XCConfigurationList section */
		48FBF5CF2A831AB80064E671 /* Build configuration list for PBXProject "TOUCHDOWN" */ = {
			isa = XCConfigurationList;
			buildConfigurations = (
				48FBF5E02A831ABA0064E671 /* Debug */,
				48FBF5E12A831ABA0064E671 /* Release */,
			);
			defaultConfigurationIsVisible = 0;
			defaultConfigurationName = Release;
		};
		48FBF5E22A831ABA0064E671 /* Build configuration list for PBXNativeTarget "TOUCHDOWN" */ = {
			isa = XCConfigurationList;
			buildConfigurations = (
				48FBF5E32A831ABA0064E671 /* Debug */,
				48FBF5E42A831ABA0064E671 /* Release */,
			);
			defaultConfigurationIsVisible = 0;
			defaultConfigurationName = Release;
		};
/* End XCConfigurationList section */
	};
	rootObject = 48FBF5CC2A831AB80064E671 /* Project object */;
}
